
Microsoft Visual Studio Solution File, Format Version 12.00
# Visual Studio Version 17
VisualStudioVersion = 17.2.32519.379
MinimumVisualStudioVersion = 10.0.40219.1
Project("{FAE04EC0-301F-11D3-BF4B-00C04F79EFBC}") = "Blog", "Blog\Blog.csproj", "{45B69410-8063-400A-81FF-158A2AF6FA0D}"
EndProject
Global
	GlobalSection(SolutionConfigurationPlatforms) = preSolution
		Debug|Any CPU = Debug|Any CPU
		Release|Any CPU = Release|Any CPU
	EndGlobalSection
	GlobalSection(ProjectConfigurationPlatforms) = postSolution
		{45B69410-8063-400A-81FF-158A2AF6FA0D}.Debug|Any CPU.ActiveCfg = Debug|Any CPU
		{45B69410-8063-400A-81FF-158A2AF6FA0D}.Debug|Any CPU.Build.0 = Debug|Any CPU
		{45B69410-8063-400A-81FF-158A2AF6FA0D}.Release|Any CPU.ActiveCfg = Release|Any CPU
		{45B69410-8063-400A-81FF-158A2AF6FA0D}.Release|Any CPU.Build.0 = Release|Any CPU
	EndGlobalSection
	GlobalSection(SolutionProperties) = preSolution
		HideSolutionNode = FALSE
	EndGlobalSection
	GlobalSection(ExtensibilityGlobals) = postSolution
		SolutionGuid = {5AF6DF3B-2975-4A32-BB5E-782CB09E5CD2}
	EndGlobalSection
EndGlobal
